
Microsoft Visual Studio Solution File, Format Version 12.00
# Visual Studio 14
VisualStudioVersion = 14.0.25420.1
MinimumVisualStudioVersion = 10.0.40219.1
Project("{FAE04EC0-301F-11D3-BF4B-00C04F79EFBC}") = "CaptstoneProject", "CaptstoneProject\CaptstoneProject.csproj", "{33C27474-5ADF-40F1-BA3E-5589353C10B6}"
EndProject
Project("{FAE04EC0-301F-11D3-BF4B-00C04F79EFBC}") = "DataService", "DataService\DataService.csproj", "{1119FAC8-6FD3-483D-9271-756B06E17EB3}"
EndProject
Global
	GlobalSection(SolutionConfigurationPlatforms) = preSolution
		Debug|Any CPU = Debug|Any CPU
		Release|Any CPU = Release|Any CPU
	EndGlobalSection
	GlobalSection(ProjectConfigurationPlatforms) = postSolution
		{33C27474-5ADF-40F1-BA3E-5589353C10B6}.Debug|Any CPU.ActiveCfg = Debug|Any CPU
		{33C27474-5ADF-40F1-BA3E-5589353C10B6}.Debug|Any CPU.Build.0 = Debug|Any CPU
		{33C27474-5ADF-40F1-BA3E-5589353C10B6}.Release|Any CPU.ActiveCfg = Release|Any CPU
		{33C27474-5ADF-40F1-BA3E-5589353C10B6}.Release|Any CPU.Build.0 = Release|Any CPU
		{1119FAC8-6FD3-483D-9271-756B06E17EB3}.Debug|Any CPU.ActiveCfg = Debug|Any CPU
		{1119FAC8-6FD3-483D-9271-756B06E17EB3}.Debug|Any CPU.Build.0 = Debug|Any CPU
		{1119FAC8-6FD3-483D-9271-756B06E17EB3}.Release|Any CPU.ActiveCfg = Release|Any CPU
		{1119FAC8-6FD3-483D-9271-756B06E17EB3}.Release|Any CPU.Build.0 = Release|Any CPU
	EndGlobalSection
	GlobalSection(SolutionProperties) = preSolution
		HideSolutionNode = FALSE
	EndGlobalSection
	GlobalSection(ExtensibilityGlobals) = postSolution
		SolutionGuid = {5FB1758B-053D-441D-B3D4-7311567C8085}
	EndGlobalSection
EndGlobal
