
Microsoft Visual Studio Solution File, Format Version 12.00
# Visual Studio 15
VisualStudioVersion = 15.0.26730.12
MinimumVisualStudioVersion = 10.0.40219.1
Project("{FAE04EC0-301F-11D3-BF4B-00C04F79EFBC}") = "FGReader", "FGReader\FGReader.csproj", "{B44FD7F2-08E9-44E4-B642-08AC387445C5}"
EndProject
Project("{FAE04EC0-301F-11D3-BF4B-00C04F79EFBC}") = "FuGradeLib", "FuGradeLib\FuGradeLib.csproj", "{AD2D0D67-0F6B-4D8E-9052-121D5C115162}"
EndProject
Global
	GlobalSection(SolutionConfigurationPlatforms) = preSolution
		Debug|Any CPU = Debug|Any CPU
		Release|Any CPU = Release|Any CPU
	EndGlobalSection
	GlobalSection(ProjectConfigurationPlatforms) = postSolution
		{B44FD7F2-08E9-44E4-B642-08AC387445C5}.Debug|Any CPU.ActiveCfg = Debug|Any CPU
		{B44FD7F2-08E9-44E4-B642-08AC387445C5}.Debug|Any CPU.Build.0 = Debug|Any CPU
		{B44FD7F2-08E9-44E4-B642-08AC387445C5}.Release|Any CPU.ActiveCfg = Release|Any CPU
		{B44FD7F2-08E9-44E4-B642-08AC387445C5}.Release|Any CPU.Build.0 = Release|Any CPU
		{AD2D0D67-0F6B-4D8E-9052-121D5C115162}.Debug|Any CPU.ActiveCfg = Debug|Any CPU
		{AD2D0D67-0F6B-4D8E-9052-121D5C115162}.Debug|Any CPU.Build.0 = Debug|Any CPU
		{AD2D0D67-0F6B-4D8E-9052-121D5C115162}.Release|Any CPU.ActiveCfg = Release|Any CPU
		{AD2D0D67-0F6B-4D8E-9052-121D5C115162}.Release|Any CPU.Build.0 = Release|Any CPU
	EndGlobalSection
	GlobalSection(SolutionProperties) = preSolution
		HideSolutionNode = FALSE
	EndGlobalSection
	GlobalSection(ExtensibilityGlobals) = postSolution
		SolutionGuid = {53A3D78B-260C-4788-9B71-01CE4E73B722}
	EndGlobalSection
EndGlobal
